// !$*UTF8*$!
{
	archiveVersion = 1;
	classes = {
	};
	objectVersion = 50;
	objects = {

/* Begin PBXBuildFile section */
		FC04B19624ED220B00007216 /* AppDelegate.swift in Sources */ = {isa = PBXBuildFile; fileRef = FC04B19524ED220B00007216 /* AppDelegate.swift */; };
		FC04B19824ED220B00007216 /* SceneDelegate.swift in Sources */ = {isa = PBXBuildFile; fileRef = FC04B19724ED220B00007216 /* SceneDelegate.swift */; };
		FC04B19D24ED220B00007216 /* Main.storyboard in Resources */ = {isa = PBXBuildFile; fileRef = FC04B19B24ED220B00007216 /* Main.storyboard */; };
		FC04B19F24ED220F00007216 /* Assets.xcassets in Resources */ = {isa = PBXBuildFile; fileRef = FC04B19E24ED220F00007216 /* Assets.xcassets */; };
		FC04B1A224ED220F00007216 /* LaunchScreen.storyboard in Resources */ = {isa = PBXBuildFile; fileRef = FC04B1A024ED220F00007216 /* LaunchScreen.storyboard */; };
		FC831BC124F0817500221C2D /* ExhibitionDetailsViewController.swift in Sources */ = {isa = PBXBuildFile; fileRef = FC831BC024F0817500221C2D /* ExhibitionDetailsViewController.swift */; };
		FC831BC324F0820A00221C2D /* Exhibition.swift in Sources */ = {isa = PBXBuildFile; fileRef = FC831BC224F0820A00221C2D /* Exhibition.swift */; };
		FC831BC524F0827B00221C2D /* Plant.swift in Sources */ = {isa = PBXBuildFile; fileRef = FC831BC424F0827B00221C2D /* Plant.swift */; };
		FC831BC824F08AA700221C2D /* PlantTableViewCell.swift in Sources */ = {isa = PBXBuildFile; fileRef = FC831BC724F08AA700221C2D /* PlantTableViewCell.swift */; };
		FC831BCA24F09F3900221C2D /* PlantDetailsViewController.swift in Sources */ = {isa = PBXBuildFile; fileRef = FC831BC924F09F3900221C2D /* PlantDetailsViewController.swift */; };
/* End PBXBuildFile section */

/* Begin PBXFileReference section */
		FC04B19224ED220B00007216 /* Royal-Botanic-Gardens-Exhibitors-Aid.app */ = {isa = PBXFileReference; explicitFileType = wrapper.application; includeInIndex = 0; path = "Royal-Botanic-Gardens-Exhibitors-Aid.app"; sourceTree = BUILT_PRODUCTS_DIR; };
		FC04B19524ED220B00007216 /* AppDelegate.swift */ = {isa = PBXFileReference; lastKnownFileType = sourcecode.swift; path = AppDelegate.swift; sourceTree = "<group>"; };
		FC04B19724ED220B00007216 /* SceneDelegate.swift */ = {isa = PBXFileReference; lastKnownFileType = sourcecode.swift; path = SceneDelegate.swift; sourceTree = "<group>"; };
		FC04B19C24ED220B00007216 /* Base */ = {isa = PBXFileReference; lastKnownFileType = file.storyboard; name = Base; path = Base.lproj/Main.storyboard; sourceTree = "<group>"; };
		FC04B19E24ED220F00007216 /* Assets.xcassets */ = {isa = PBXFileReference; lastKnownFileType = folder.assetcatalog; path = Assets.xcassets; sourceTree = "<group>"; };
		FC04B1A124ED220F00007216 /* Base */ = {isa = PBXFileReference; lastKnownFileType = file.storyboard; name = Base; path = Base.lproj/LaunchScreen.storyboard; sourceTree = "<group>"; };
		FC04B1A324ED220F00007216 /* Info.plist */ = {isa = PBXFileReference; lastKnownFileType = text.plist.xml; path = Info.plist; sourceTree = "<group>"; };
		FC831BC024F0817500221C2D /* ExhibitionDetailsViewController.swift */ = {isa = PBXFileReference; lastKnownFileType = sourcecode.swift; path = ExhibitionDetailsViewController.swift; sourceTree = "<group>"; };
		FC831BC224F0820A00221C2D /* Exhibition.swift */ = {isa = PBXFileReference; lastKnownFileType = sourcecode.swift; path = Exhibition.swift; sourceTree = "<group>"; };
		FC831BC424F0827B00221C2D /* Plant.swift */ = {isa = PBXFileReference; lastKnownFileType = sourcecode.swift; path = Plant.swift; sourceTree = "<group>"; };
		FC831BC724F08AA700221C2D /* PlantTableViewCell.swift */ = {isa = PBXFileReference; lastKnownFileType = sourcecode.swift; path = PlantTableViewCell.swift; sourceTree = "<group>"; };
		FC831BC924F09F3900221C2D /* PlantDetailsViewController.swift */ = {isa = PBXFileReference; lastKnownFileType = sourcecode.swift; path = PlantDetailsViewController.swift; sourceTree = "<group>"; };
/* End PBXFileReference section */

/* Begin PBXFrameworksBuildPhase section */
		FC04B18F24ED220B00007216 /* Frameworks */ = {
			isa = PBXFrameworksBuildPhase;
			buildActionMask = 2147483647;
			files = (
			);
			runOnlyForDeploymentPostprocessing = 0;
		};
/* End PBXFrameworksBuildPhase section */

/* Begin PBXGroup section */
		FC04B18924ED220B00007216 = {
			isa = PBXGroup;
			children = (
				FC04B19424ED220B00007216 /* Royal-Botanic-Gardens-Exhibitors-Aid */,
				FC04B19324ED220B00007216 /* Products */,
			);
			sourceTree = "<group>";
		};
		FC04B19324ED220B00007216 /* Products */ = {
			isa = PBXGroup;
			children = (
				FC04B19224ED220B00007216 /* Royal-Botanic-Gardens-Exhibitors-Aid.app */,
			);
			name = Products;
			sourceTree = "<group>";
		};
		FC04B19424ED220B00007216 /* Royal-Botanic-Gardens-Exhibitors-Aid */ = {
			isa = PBXGroup;
			children = (
				FC04B19524ED220B00007216 /* AppDelegate.swift */,
				FC04B19724ED220B00007216 /* SceneDelegate.swift */,
				FC04B19B24ED220B00007216 /* Main.storyboard */,
				FC04B19E24ED220F00007216 /* Assets.xcassets */,
				FC04B1A024ED220F00007216 /* LaunchScreen.storyboard */,
				FC04B1A324ED220F00007216 /* Info.plist */,
				FC831BC024F0817500221C2D /* ExhibitionDetailsViewController.swift */,
				FC831BC224F0820A00221C2D /* Exhibition.swift */,
				FC831BC424F0827B00221C2D /* Plant.swift */,
				FC831BC724F08AA700221C2D /* PlantTableViewCell.swift */,
				FC831BC924F09F3900221C2D /* PlantDetailsViewController.swift */,
			);
			path = "Royal-Botanic-Gardens-Exhibitors-Aid";
			sourceTree = "<group>";
		};
/* End PBXGroup section */

/* Begin PBXNativeTarget section */
		FC04B19124ED220B00007216 /* Royal-Botanic-Gardens-Exhibitors-Aid */ = {
			isa = PBXNativeTarget;
			buildConfigurationList = FC04B1A624ED220F00007216 /* Build configuration list for PBXNativeTarget "Royal-Botanic-Gardens-Exhibitors-Aid" */;
			buildPhases = (
				FC04B18E24ED220B00007216 /* Sources */,
				FC04B18F24ED220B00007216 /* Frameworks */,
				FC04B19024ED220B00007216 /* Resources */,
			);
			buildRules = (
			);
			dependencies = (
			);
			name = "Royal-Botanic-Gardens-Exhibitors-Aid";
			productName = "Royal-Botanic-Gardens-Exhibitors-Aid";
			productReference = FC04B19224ED220B00007216 /* Royal-Botanic-Gardens-Exhibitors-Aid.app */;
			productType = "com.apple.product-type.application";
		};
/* End PBXNativeTarget section */

/* Begin PBXProject section */
		FC04B18A24ED220B00007216 /* Project object */ = {
			isa = PBXProject;
			attributes = {
				LastSwiftUpdateCheck = 1160;
				LastUpgradeCheck = 1160;
				ORGANIZATIONNAME = "Farhad Ullah Rezwan";
				TargetAttributes = {
					FC04B19124ED220B00007216 = {
						CreatedOnToolsVersion = 11.6;
					};
				};
			};
			buildConfigurationList = FC04B18D24ED220B00007216 /* Build configuration list for PBXProject "Royal-Botanic-Gardens-Exhibitors-Aid" */;
			compatibilityVersion = "Xcode 9.3";
			developmentRegion = en;
			hasScannedForEncodings = 0;
			knownRegions = (
				en,
				Base,
			);
			mainGroup = FC04B18924ED220B00007216;
			productRefGroup = FC04B19324ED220B00007216 /* Products */;
			projectDirPath = "";
			projectRoot = "";
			targets = (
				FC04B19124ED220B00007216 /* Royal-Botanic-Gardens-Exhibitors-Aid */,
			);
		};
/* End PBXProject section */

/* Begin PBXResourcesBuildPhase section */
		FC04B19024ED220B00007216 /* Resources */ = {
			isa = PBXResourcesBuildPhase;
			buildActionMask = 2147483647;
			files = (
				FC04B1A224ED220F00007216 /* LaunchScreen.storyboard in Resources */,
				FC04B19F24ED220F00007216 /* Assets.xcassets in Resources */,
				FC04B19D24ED220B00007216 /* Main.storyboard in Resources */,
			);
			runOnlyForDeploymentPostprocessing = 0;
		};
/* End PBXResourcesBuildPhase section */

/* Begin PBXSourcesBuildPhase section */
		FC04B18E24ED220B00007216 /* Sources */ = {
			isa = PBXSourcesBuildPhase;
			buildActionMask = 2147483647;
			files = (
				FC04B19624ED220B00007216 /* AppDelegate.swift in Sources */,
				FC831BC824F08AA700221C2D /* PlantTableViewCell.swift in Sources */,
				FC831BC124F0817500221C2D /* ExhibitionDetailsViewController.swift in Sources */,
				FC831BC524F0827B00221C2D /* Plant.swift in Sources */,
				FC831BC324F0820A00221C2D /* Exhibition.swift in Sources */,
				FC831BCA24F09F3900221C2D /* PlantDetailsViewController.swift in Sources */,
				FC04B19824ED220B00007216 /* SceneDelegate.swift in Sources */,
			);
			runOnlyForDeploymentPostprocessing = 0;
		};
/* End PBXSourcesBuildPhase section */

/* Begin PBXVariantGroup section */
		FC04B19B24ED220B00007216 /* Main.storyboard */ = {
			isa = PBXVariantGroup;
			children = (
				FC04B19C24ED220B00007216 /* Base */,
			);
			name = Main.storyboard;
			sourceTree = "<group>";
		};
		FC04B1A024ED220F00007216 /* LaunchScreen.storyboard */ = {
			isa = PBXVariantGroup;
			children = (
				FC04B1A124ED220F00007216 /* Base */,
			);
			name = LaunchScreen.storyboard;
			sourceTree = "<group>";
		};
/* End PBXVariantGroup section */

/* Begin XCBuildConfiguration section */
		FC04B1A424ED220F00007216 /* Debug */ = {
			isa = XCBuildConfiguration;
			buildSettings = {
				ALWAYS_SEARCH_USER_PATHS = NO;
				CLANG_ANALYZER_NONNULL = YES;
				CLANG_ANALYZER_NUMBER_OBJECT_CONVERSION = YES_AGGRESSIVE;
				CLANG_CXX_LANGUAGE_STANDARD = "gnu++14";
				CLANG_CXX_LIBRARY = "libc++";
				CLANG_ENABLE_MODULES = YES;
				CLANG_ENABLE_OBJC_ARC = YES;
				CLANG_ENABLE_OBJC_WEAK = YES;
				CLANG_WARN_BLOCK_CAPTURE_AUTORELEASING = YES;
				CLANG_WARN_BOOL_CONVERSION = YES;
				CLANG_WARN_COMMA = YES;
				CLANG_WARN_CONSTANT_CONVERSION = YES;
				CLANG_WARN_DEPRECATED_OBJC_IMPLEMENTATIONS = YES;
				CLANG_WARN_DIRECT_OBJC_ISA_USAGE = YES_ERROR;
				CLANG_WARN_DOCUMENTATION_COMMENTS = YES;
				CLANG_WARN_EMPTY_BODY = YES;
				CLANG_WARN_ENUM_CONVERSION = YES;
				CLANG_WARN_INFINITE_RECURSION = YES;
				CLANG_WARN_INT_CONVERSION = YES;
				CLANG_WARN_NON_LITERAL_NULL_CONVERSION = YES;
				CLANG_WARN_OBJC_IMPLICIT_RETAIN_SELF = YES;
				CLANG_WARN_OBJC_LITERAL_CONVERSION = YES;
				CLANG_WARN_OBJC_ROOT_CLASS = YES_ERROR;
				CLANG_WARN_RANGE_LOOP_ANALYSIS = YES;
				CLANG_WARN_STRICT_PROTOTYPES = YES;
				CLANG_WARN_SUSPICIOUS_MOVE = YES;
				CLANG_WARN_UNGUARDED_AVAILABILITY = YES_AGGRESSIVE;
				CLANG_WARN_UNREACHABLE_CODE = YES;
				CLANG_WARN__DUPLICATE_METHOD_MATCH = YES;
				COPY_PHASE_STRIP = NO;
				DEBUG_INFORMATION_FORMAT = dwarf;
				ENABLE_STRICT_OBJC_MSGSEND = YES;
				ENABLE_TESTABILITY = YES;
				GCC_C_LANGUAGE_STANDARD = gnu11;
				GCC_DYNAMIC_NO_PIC = NO;
				GCC_NO_COMMON_BLOCKS = YES;
				GCC_OPTIMIZATION_LEVEL = 0;
				GCC_PREPROCESSOR_DEFINITIONS = (
					"DEBUG=1",
					"$(inherited)",
				);
				GCC_WARN_64_TO_32_BIT_CONVERSION = YES;
				GCC_WARN_ABOUT_RETURN_TYPE = YES_ERROR;
				GCC_WARN_UNDECLARED_SELECTOR = YES;
				GCC_WARN_UNINITIALIZED_AUTOS = YES_AGGRESSIVE;
				GCC_WARN_UNUSED_FUNCTION = YES;
				GCC_WARN_UNUSED_VARIABLE = YES;
				IPHONEOS_DEPLOYMENT_TARGET = 13.6;
				MTL_ENABLE_DEBUG_INFO = INCLUDE_SOURCE;
				MTL_FAST_MATH = YES;
				ONLY_ACTIVE_ARCH = YES;
				SDKROOT = iphoneos;
				SWIFT_ACTIVE_COMPILATION_CONDITIONS = DEBUG;
				SWIFT_OPTIMIZATION_LEVEL = "-Onone";
			};
			name = Debug;
		};
		FC04B1A524ED220F00007216 /* Release */ = {
			isa = XCBuildConfiguration;
			buildSettings = {
				ALWAYS_SEARCH_USER_PATHS = NO;
				CLANG_ANALYZER_NONNULL = YES;
				CLANG_ANALYZER_NUMBER_OBJECT_CONVERSION = YES_AGGRESSIVE;
				CLANG_CXX_LANGUAGE_STANDARD = "gnu++14";
				CLANG_CXX_LIBRARY = "libc++";
				CLANG_ENABLE_MODULES = YES;
				CLANG_ENABLE_OBJC_ARC = YES;
				CLANG_ENABLE_OBJC_WEAK = YES;
				CLANG_WARN_BLOCK_CAPTURE_AUTORELEASING = YES;
				CLANG_WARN_BOOL_CONVERSION = YES;
				CLANG_WARN_COMMA = YES;
				CLANG_WARN_CONSTANT_CONVERSION = YES;
				CLANG_WARN_DEPRECATED_OBJC_IMPLEMENTATIONS = YES;
				CLANG_WARN_DIRECT_OBJC_ISA_USAGE = YES_ERROR;
				CLANG_WARN_DOCUMENTATION_COMMENTS = YES;
				CLANG_WARN_EMPTY_BODY = YES;
				CLANG_WARN_ENUM_CONVERSION = YES;
				CLANG_WARN_INFINITE_RECURSION = YES;
				CLANG_WARN_INT_CONVERSION = YES;
				CLANG_WARN_NON_LITERAL_NULL_CONVERSION = YES;
				CLANG_WARN_OBJC_IMPLICIT_RETAIN_SELF = YES;
				CLANG_WARN_OBJC_LITERAL_CONVERSION = YES;
				CLANG_WARN_OBJC_ROOT_CLASS = YES_ERROR;
				CLANG_WARN_RANGE_LOOP_ANALYSIS = YES;
				CLANG_WARN_STRICT_PROTOTYPES = YES;
				CLANG_WARN_SUSPICIOUS_MOVE = YES;
				CLANG_WARN_UNGUARDED_AVAILABILITY = YES_AGGRESSIVE;
				CLANG_WARN_UNREACHABLE_CODE = YES;
				CLANG_WARN__DUPLICATE_METHOD_MATCH = YES;
				COPY_PHASE_STRIP = NO;
				DEBUG_INFORMATION_FORMAT = "dwarf-with-dsym";
				ENABLE_NS_ASSERTIONS = NO;
				ENABLE_STRICT_OBJC_MSGSEND = YES;
				GCC_C_LANGUAGE_STANDARD = gnu11;
				GCC_NO_COMMON_BLOCKS = YES;
				GCC_WARN_64_TO_32_BIT_CONVERSION = YES;
				GCC_WARN_ABOUT_RETURN_TYPE = YES_ERROR;
				GCC_WARN_UNDECLARED_SELECTOR = YES;
				GCC_WARN_UNINITIALIZED_AUTOS = YES_AGGRESSIVE;
				GCC_WARN_UNUSED_FUNCTION = YES;
				GCC_WARN_UNUSED_VARIABLE = YES;
				IPHONEOS_DEPLOYMENT_TARGET = 13.6;
				MTL_ENABLE_DEBUG_INFO = NO;
				MTL_FAST_MATH = YES;
				SDKROOT = iphoneos;
				SWIFT_COMPILATION_MODE = wholemodule;
				SWIFT_OPTIMIZATION_LEVEL = "-O";
				VALIDATE_PRODUCT = YES;
			};
			name = Release;
		};
		FC04B1A724ED220F00007216 /* Debug */ = {
			isa = XCBuildConfiguration;
			buildSettings = {
				ASSETCATALOG_COMPILER_APPICON_NAME = AppIcon;
				CODE_SIGN_STYLE = Automatic;
				DEVELOPMENT_TEAM = XD52F5MV99;
				INFOPLIST_FILE = "Royal-Botanic-Gardens-Exhibitors-Aid/Info.plist";
				LD_RUNPATH_SEARCH_PATHS = (
					"$(inherited)",
					"@executable_path/Frameworks",
				);
				PRODUCT_BUNDLE_IDENTIFIER = "edu.monash.Royal-Botanic-Gardens-Exhibitors-Aid";
				PRODUCT_NAME = "$(TARGET_NAME)";
				SWIFT_VERSION = 5.0;
				TARGETED_DEVICE_FAMILY = "1,2";
			};
			name = Debug;
		};
		FC04B1A824ED220F00007216 /* Release */ = {
			isa = XCBuildConfiguration;
			buildSettings = {
				ASSETCATALOG_COMPILER_APPICON_NAME = AppIcon;
				CODE_SIGN_STYLE = Automatic;
				DEVELOPMENT_TEAM = XD52F5MV99;
				INFOPLIST_FILE = "Royal-Botanic-Gardens-Exhibitors-Aid/Info.plist";
				LD_RUNPATH_SEARCH_PATHS = (
					"$(inherited)",
					"@executable_path/Frameworks",
				);
				PRODUCT_BUNDLE_IDENTIFIER = "edu.monash.Royal-Botanic-Gardens-Exhibitors-Aid";
				PRODUCT_NAME = "$(TARGET_NAME)";
				SWIFT_VERSION = 5.0;
				TARGETED_DEVICE_FAMILY = "1,2";
			};
			name = Release;
		};
/* End XCBuildConfiguration section */

/* Begin XCConfigurationList section */
		FC04B18D24ED220B00007216 /* Build configuration list for PBXProject "Royal-Botanic-Gardens-Exhibitors-Aid" */ = {
			isa = XCConfigurationList;
			buildConfigurations = (
				FC04B1A424ED220F00007216 /* Debug */,
				FC04B1A524ED220F00007216 /* Release */,
			);
			defaultConfigurationIsVisible = 0;
			defaultConfigurationName = Release;
		};
		FC04B1A624ED220F00007216 /* Build configuration list for PBXNativeTarget "Royal-Botanic-Gardens-Exhibitors-Aid" */ = {
			isa = XCConfigurationList;
			buildConfigurations = (
				FC04B1A724ED220F00007216 /* Debug */,
				FC04B1A824ED220F00007216 /* Release */,
			);
			defaultConfigurationIsVisible = 0;
			defaultConfigurationName = Release;
		};
/* End XCConfigurationList section */
	};
	rootObject = FC04B18A24ED220B00007216 /* Project object */;
}
