// !$*UTF8*$!
{
	archiveVersion = 1;
	classes = {
	};
	objectVersion = 50;
	objects = {

/* Begin PBXBuildFile section */
		FC04B19624ED220B00007216 /* AppDelegate.swift in Sources */ = {isa = PBXBuildFile; fileRef = FC04B19524ED220B00007216 /* AppDelegate.swift */; };
		FC04B19824ED220B00007216 /* SceneDelegate.swift in Sources */ = {isa = PBXBuildFile; fileRef = FC04B19724ED220B00007216 /* SceneDelegate.swift */; };
		FC04B19D24ED220B00007216 /* Main.storyboard in Resources */ = {isa = PBXBuildFile; fileRef = FC04B19B24ED220B00007216 /* Main.storyboard */; };
		FC04B19F24ED220F00007216 /* Assets.xcassets in Resources */ = {isa = PBXBuildFile; fileRef = FC04B19E24ED220F00007216 /* Assets.xcassets */; };
		FC04B1A224ED220F00007216 /* LaunchScreen.storyboard in Resources */ = {isa = PBXBuildFile; fileRef = FC04B1A024ED220F00007216 /* LaunchScreen.storyboard */; };
		FC1A753725136F6C00D647AD /* ExistingPlantsViewController.swift in Sources */ = {isa = PBXBuildFile; fileRef = FC1A753625136F6C00D647AD /* ExistingPlantsViewController.swift */; };
		FC1A753B251371F200D647AD /* SearchPlantsViewController.swift in Sources */ = {isa = PBXBuildFile; fileRef = FC1A753A251371F200D647AD /* SearchPlantsViewController.swift */; };
		FC1A754025137A3600D647AD /* PlantData.swift in Sources */ = {isa = PBXBuildFile; fileRef = FC1A753F25137A3600D647AD /* PlantData.swift */; };
		FC3FE21E2503996C00E5AA91 /* EditPlantDelegate.swift in Sources */ = {isa = PBXBuildFile; fileRef = FC3FE21D2503996C00E5AA91 /* EditPlantDelegate.swift */; };
		FC3FE2232503B18F00E5AA91 /* Exhibition+CoreDataClass.swift in Sources */ = {isa = PBXBuildFile; fileRef = FC3FE21F2503B18F00E5AA91 /* Exhibition+CoreDataClass.swift */; };
		FC3FE2242503B18F00E5AA91 /* Exhibition+CoreDataProperties.swift in Sources */ = {isa = PBXBuildFile; fileRef = FC3FE2202503B18F00E5AA91 /* Exhibition+CoreDataProperties.swift */; };
		FC3FE2252503B18F00E5AA91 /* Plant+CoreDataClass.swift in Sources */ = {isa = PBXBuildFile; fileRef = FC3FE2212503B18F00E5AA91 /* Plant+CoreDataClass.swift */; };
		FC3FE2262503B18F00E5AA91 /* Plant+CoreDataProperties.swift in Sources */ = {isa = PBXBuildFile; fileRef = FC3FE2222503B18F00E5AA91 /* Plant+CoreDataProperties.swift */; };
		FC6686CC24FF635600EF71C9 /* Royal-Botanic-Exhibitor.xcdatamodeld in Sources */ = {isa = PBXBuildFile; fileRef = FC6686CA24FF635600EF71C9 /* Royal-Botanic-Exhibitor.xcdatamodeld */; };
		FC67749A2505150500B4741F /* MapViewController.swift in Sources */ = {isa = PBXBuildFile; fileRef = FC6774992505150500B4741F /* MapViewController.swift */; };
		FC67749C2505152200B4741F /* LocationAnnotation.swift in Sources */ = {isa = PBXBuildFile; fileRef = FC67749B2505152200B4741F /* LocationAnnotation.swift */; };
		FC68CF2D2514B47100D0E30E /* VolumeData.swift in Sources */ = {isa = PBXBuildFile; fileRef = FC68CF2C2514B47100D0E30E /* VolumeData.swift */; };
		FC68CF342514E88400D0E30E /* CustomImageView.swift in Sources */ = {isa = PBXBuildFile; fileRef = FC68CF332514E88400D0E30E /* CustomImageView.swift */; };
		FC831BC124F0817500221C2D /* ExhibitionDetailsViewController.swift in Sources */ = {isa = PBXBuildFile; fileRef = FC831BC024F0817500221C2D /* ExhibitionDetailsViewController.swift */; };
		FC831BC824F08AA700221C2D /* PlantTableViewCell.swift in Sources */ = {isa = PBXBuildFile; fileRef = FC831BC724F08AA700221C2D /* PlantTableViewCell.swift */; };
		FC831BCA24F09F3900221C2D /* PlantDetailsViewController.swift in Sources */ = {isa = PBXBuildFile; fileRef = FC831BC924F09F3900221C2D /* PlantDetailsViewController.swift */; };
		FCA325C824F0FFF3002AFF92 /* AllExhibitionsTableViewCell.swift in Sources */ = {isa = PBXBuildFile; fileRef = FCA325C724F0FFF3002AFF92 /* AllExhibitionsTableViewCell.swift */; };
		FCA325CA24F111D9002AFF92 /* AllExhibitionsTableViewController.swift in Sources */ = {isa = PBXBuildFile; fileRef = FCA325C924F111D9002AFF92 /* AllExhibitionsTableViewController.swift */; };
		FCB2C9DA25030773008D55FC /* EditPlantViewController.swift in Sources */ = {isa = PBXBuildFile; fileRef = FCB2C9D925030773008D55FC /* EditPlantViewController.swift */; };
		FCB8994124FF7C7B00BAC55A /* DatabaseProtocol.swift in Sources */ = {isa = PBXBuildFile; fileRef = FCB8994024FF7C7B00BAC55A /* DatabaseProtocol.swift */; };
		FCB8994324FF7E6800BAC55A /* MulticastDelegate.swift in Sources */ = {isa = PBXBuildFile; fileRef = FCB8994224FF7E6800BAC55A /* MulticastDelegate.swift */; };
		FCB8994524FF7EB600BAC55A /* CoreDataController.swift in Sources */ = {isa = PBXBuildFile; fileRef = FCB8994424FF7EB600BAC55A /* CoreDataController.swift */; };
		FCEC4E972504C84800EC050A /* CreateExhibitionViewController.swift in Sources */ = {isa = PBXBuildFile; fileRef = FCEC4E962504C84800EC050A /* CreateExhibitionViewController.swift */; };
/* End PBXBuildFile section */

/* Begin PBXFileReference section */
		FC04B19224ED220B00007216 /* Royal-Botanic-Gardens-Exhibitors-Aid.app */ = {isa = PBXFileReference; explicitFileType = wrapper.application; includeInIndex = 0; path = "Royal-Botanic-Gardens-Exhibitors-Aid.app"; sourceTree = BUILT_PRODUCTS_DIR; };
		FC04B19524ED220B00007216 /* AppDelegate.swift */ = {isa = PBXFileReference; lastKnownFileType = sourcecode.swift; path = AppDelegate.swift; sourceTree = "<group>"; };
		FC04B19724ED220B00007216 /* SceneDelegate.swift */ = {isa = PBXFileReference; lastKnownFileType = sourcecode.swift; path = SceneDelegate.swift; sourceTree = "<group>"; };
		FC04B19C24ED220B00007216 /* Base */ = {isa = PBXFileReference; lastKnownFileType = file.storyboard; name = Base; path = Base.lproj/Main.storyboard; sourceTree = "<group>"; };
		FC04B19E24ED220F00007216 /* Assets.xcassets */ = {isa = PBXFileReference; lastKnownFileType = folder.assetcatalog; path = Assets.xcassets; sourceTree = "<group>"; };
		FC04B1A124ED220F00007216 /* Base */ = {isa = PBXFileReference; lastKnownFileType = file.storyboard; name = Base; path = Base.lproj/LaunchScreen.storyboard; sourceTree = "<group>"; };
		FC04B1A324ED220F00007216 /* Info.plist */ = {isa = PBXFileReference; lastKnownFileType = text.plist.xml; path = Info.plist; sourceTree = "<group>"; };
		FC1A753625136F6C00D647AD /* ExistingPlantsViewController.swift */ = {isa = PBXFileReference; lastKnownFileType = sourcecode.swift; path = ExistingPlantsViewController.swift; sourceTree = "<group>"; };
		FC1A753A251371F200D647AD /* SearchPlantsViewController.swift */ = {isa = PBXFileReference; lastKnownFileType = sourcecode.swift; path = SearchPlantsViewController.swift; sourceTree = "<group>"; };
		FC1A753F25137A3600D647AD /* PlantData.swift */ = {isa = PBXFileReference; lastKnownFileType = sourcecode.swift; path = PlantData.swift; sourceTree = "<group>"; };
		FC3FE21D2503996C00E5AA91 /* EditPlantDelegate.swift */ = {isa = PBXFileReference; lastKnownFileType = sourcecode.swift; path = EditPlantDelegate.swift; sourceTree = "<group>"; };
		FC3FE21F2503B18F00E5AA91 /* Exhibition+CoreDataClass.swift */ = {isa = PBXFileReference; lastKnownFileType = sourcecode.swift; path = "Exhibition+CoreDataClass.swift"; sourceTree = "<group>"; };
		FC3FE2202503B18F00E5AA91 /* Exhibition+CoreDataProperties.swift */ = {isa = PBXFileReference; lastKnownFileType = sourcecode.swift; path = "Exhibition+CoreDataProperties.swift"; sourceTree = "<group>"; };
		FC3FE2212503B18F00E5AA91 /* Plant+CoreDataClass.swift */ = {isa = PBXFileReference; lastKnownFileType = sourcecode.swift; path = "Plant+CoreDataClass.swift"; sourceTree = "<group>"; };
		FC3FE2222503B18F00E5AA91 /* Plant+CoreDataProperties.swift */ = {isa = PBXFileReference; lastKnownFileType = sourcecode.swift; path = "Plant+CoreDataProperties.swift"; sourceTree = "<group>"; };
		FC6686CB24FF635600EF71C9 /* Royal-Botanic-Exhibitor.xcdatamodel */ = {isa = PBXFileReference; lastKnownFileType = wrapper.xcdatamodel; path = "Royal-Botanic-Exhibitor.xcdatamodel"; sourceTree = "<group>"; };
		FC6774992505150500B4741F /* MapViewController.swift */ = {isa = PBXFileReference; lastKnownFileType = sourcecode.swift; path = MapViewController.swift; sourceTree = "<group>"; };
		FC67749B2505152200B4741F /* LocationAnnotation.swift */ = {isa = PBXFileReference; lastKnownFileType = sourcecode.swift; path = LocationAnnotation.swift; sourceTree = "<group>"; };
		FC68CF2C2514B47100D0E30E /* VolumeData.swift */ = {isa = PBXFileReference; lastKnownFileType = sourcecode.swift; path = VolumeData.swift; sourceTree = "<group>"; };
		FC68CF332514E88400D0E30E /* CustomImageView.swift */ = {isa = PBXFileReference; lastKnownFileType = sourcecode.swift; path = CustomImageView.swift; sourceTree = "<group>"; };
		FC831BC024F0817500221C2D /* ExhibitionDetailsViewController.swift */ = {isa = PBXFileReference; lastKnownFileType = sourcecode.swift; path = ExhibitionDetailsViewController.swift; sourceTree = "<group>"; };
		FC831BC724F08AA700221C2D /* PlantTableViewCell.swift */ = {isa = PBXFileReference; lastKnownFileType = sourcecode.swift; path = PlantTableViewCell.swift; sourceTree = "<group>"; };
		FC831BC924F09F3900221C2D /* PlantDetailsViewController.swift */ = {isa = PBXFileReference; lastKnownFileType = sourcecode.swift; path = PlantDetailsViewController.swift; sourceTree = "<group>"; };
		FCA325C724F0FFF3002AFF92 /* AllExhibitionsTableViewCell.swift */ = {isa = PBXFileReference; lastKnownFileType = sourcecode.swift; path = AllExhibitionsTableViewCell.swift; sourceTree = "<group>"; };
		FCA325C924F111D9002AFF92 /* AllExhibitionsTableViewController.swift */ = {isa = PBXFileReference; lastKnownFileType = sourcecode.swift; path = AllExhibitionsTableViewController.swift; sourceTree = "<group>"; };
		FCB2C9D925030773008D55FC /* EditPlantViewController.swift */ = {isa = PBXFileReference; lastKnownFileType = sourcecode.swift; path = EditPlantViewController.swift; sourceTree = "<group>"; };
		FCB8994024FF7C7B00BAC55A /* DatabaseProtocol.swift */ = {isa = PBXFileReference; lastKnownFileType = sourcecode.swift; path = DatabaseProtocol.swift; sourceTree = "<group>"; };
		FCB8994224FF7E6800BAC55A /* MulticastDelegate.swift */ = {isa = PBXFileReference; lastKnownFileType = sourcecode.swift; path = MulticastDelegate.swift; sourceTree = "<group>"; };
		FCB8994424FF7EB600BAC55A /* CoreDataController.swift */ = {isa = PBXFileReference; lastKnownFileType = sourcecode.swift; path = CoreDataController.swift; sourceTree = "<group>"; };
		FCEC4E962504C84800EC050A /* CreateExhibitionViewController.swift */ = {isa = PBXFileReference; lastKnownFileType = sourcecode.swift; path = CreateExhibitionViewController.swift; sourceTree = "<group>"; };
/* End PBXFileReference section */

/* Begin PBXFrameworksBuildPhase section */
		FC04B18F24ED220B00007216 /* Frameworks */ = {
			isa = PBXFrameworksBuildPhase;
			buildActionMask = 2147483647;
			files = (
			);
			runOnlyForDeploymentPostprocessing = 0;
		};
/* End PBXFrameworksBuildPhase section */

/* Begin PBXGroup section */
		FC04B18924ED220B00007216 = {
			isa = PBXGroup;
			children = (
				FC04B19424ED220B00007216 /* Royal-Botanic-Gardens-Exhibitors-Aid */,
				FC04B19324ED220B00007216 /* Products */,
			);
			sourceTree = "<group>";
		};
		FC04B19324ED220B00007216 /* Products */ = {
			isa = PBXGroup;
			children = (
				FC04B19224ED220B00007216 /* Royal-Botanic-Gardens-Exhibitors-Aid.app */,
			);
			name = Products;
			sourceTree = "<group>";
		};
		FC04B19424ED220B00007216 /* Royal-Botanic-Gardens-Exhibitors-Aid */ = {
			isa = PBXGroup;
			children = (
				FC04B19524ED220B00007216 /* AppDelegate.swift */,
				FC04B19724ED220B00007216 /* SceneDelegate.swift */,
				FC1A753E251375B800D647AD /* Networking */,
				FCB8993F24FF7C5F00BAC55A /* Database */,
				FC6686C924FF62CE00EF71C9 /* DataModel */,
				FCEC4E952504C7EE00EC050A /* View */,
				FCEC4E942504C79600EC050A /* Controller */,
				FC04B1A324ED220F00007216 /* Info.plist */,
			);
			path = "Royal-Botanic-Gardens-Exhibitors-Aid";
			sourceTree = "<group>";
		};
		FC1A7539251371CE00D647AD /* PlantApi */ = {
			isa = PBXGroup;
			children = (
				FC1A753625136F6C00D647AD /* ExistingPlantsViewController.swift */,
				FC1A753A251371F200D647AD /* SearchPlantsViewController.swift */,
				FC68CF332514E88400D0E30E /* CustomImageView.swift */,
			);
			path = PlantApi;
			sourceTree = "<group>";
		};
		FC1A753E251375B800D647AD /* Networking */ = {
			isa = PBXGroup;
			children = (
				FC1A753F25137A3600D647AD /* PlantData.swift */,
				FC68CF2C2514B47100D0E30E /* VolumeData.swift */,
			);
			path = Networking;
			sourceTree = "<group>";
		};
		FC6686C924FF62CE00EF71C9 /* DataModel */ = {
			isa = PBXGroup;
			children = (
				FC3FE21F2503B18F00E5AA91 /* Exhibition+CoreDataClass.swift */,
				FC3FE2202503B18F00E5AA91 /* Exhibition+CoreDataProperties.swift */,
				FC3FE2212503B18F00E5AA91 /* Plant+CoreDataClass.swift */,
				FC3FE2222503B18F00E5AA91 /* Plant+CoreDataProperties.swift */,
				FC6686CA24FF635600EF71C9 /* Royal-Botanic-Exhibitor.xcdatamodeld */,
			);
			path = DataModel;
			sourceTree = "<group>";
		};
		FCB8993F24FF7C5F00BAC55A /* Database */ = {
			isa = PBXGroup;
			children = (
				FCB8994024FF7C7B00BAC55A /* DatabaseProtocol.swift */,
				FCB8994224FF7E6800BAC55A /* MulticastDelegate.swift */,
				FCB8994424FF7EB600BAC55A /* CoreDataController.swift */,
			);
			path = Database;
			sourceTree = "<group>";
		};
		FCEC4E942504C79600EC050A /* Controller */ = {
			isa = PBXGroup;
			children = (
				FC1A7539251371CE00D647AD /* PlantApi */,
				FC831BC024F0817500221C2D /* ExhibitionDetailsViewController.swift */,
				FC831BC724F08AA700221C2D /* PlantTableViewCell.swift */,
				FC831BC924F09F3900221C2D /* PlantDetailsViewController.swift */,
				FCA325C724F0FFF3002AFF92 /* AllExhibitionsTableViewCell.swift */,
				FCB2C9D925030773008D55FC /* EditPlantViewController.swift */,
				FCA325C924F111D9002AFF92 /* AllExhibitionsTableViewController.swift */,
				FC3FE21D2503996C00E5AA91 /* EditPlantDelegate.swift */,
				FCEC4E962504C84800EC050A /* CreateExhibitionViewController.swift */,
				FC6774992505150500B4741F /* MapViewController.swift */,
				FC67749B2505152200B4741F /* LocationAnnotation.swift */,
			);
			path = Controller;
			sourceTree = "<group>";
		};
		FCEC4E952504C7EE00EC050A /* View */ = {
			isa = PBXGroup;
			children = (
				FC04B19B24ED220B00007216 /* Main.storyboard */,
				FC04B19E24ED220F00007216 /* Assets.xcassets */,
				FC04B1A024ED220F00007216 /* LaunchScreen.storyboard */,
			);
			path = View;
			sourceTree = "<group>";
		};
/* End PBXGroup section */

/* Begin PBXNativeTarget section */
		FC04B19124ED220B00007216 /* Royal-Botanic-Gardens-Exhibitors-Aid */ = {
			isa = PBXNativeTarget;
			buildConfigurationList = FC04B1A624ED220F00007216 /* Build configuration list for PBXNativeTarget "Royal-Botanic-Gardens-Exhibitors-Aid" */;
			buildPhases = (
				FC04B18E24ED220B00007216 /* Sources */,
				FC04B18F24ED220B00007216 /* Frameworks */,
				FC04B19024ED220B00007216 /* Resources */,
			);
			buildRules = (
			);
			dependencies = (
			);
			name = "Royal-Botanic-Gardens-Exhibitors-Aid";
			productName = "Royal-Botanic-Gardens-Exhibitors-Aid";
			productReference = FC04B19224ED220B00007216 /* Royal-Botanic-Gardens-Exhibitors-Aid.app */;
			productType = "com.apple.product-type.application";
		};
/* End PBXNativeTarget section */

/* Begin PBXProject section */
		FC04B18A24ED220B00007216 /* Project object */ = {
			isa = PBXProject;
			attributes = {
				LastSwiftUpdateCheck = 1160;
				LastUpgradeCheck = 1160;
				ORGANIZATIONNAME = "Farhad Ullah Rezwan";
				TargetAttributes = {
					FC04B19124ED220B00007216 = {
						CreatedOnToolsVersion = 11.6;
					};
				};
			};
			buildConfigurationList = FC04B18D24ED220B00007216 /* Build configuration list for PBXProject "Royal-Botanic-Gardens-Exhibitors-Aid" */;
			compatibilityVersion = "Xcode 9.3";
			developmentRegion = en;
			hasScannedForEncodings = 0;
			knownRegions = (
				en,
				Base,
			);
			mainGroup = FC04B18924ED220B00007216;
			productRefGroup = FC04B19324ED220B00007216 /* Products */;
			projectDirPath = "";
			projectRoot = "";
			targets = (
				FC04B19124ED220B00007216 /* Royal-Botanic-Gardens-Exhibitors-Aid */,
			);
		};
/* End PBXProject section */

/* Begin PBXResourcesBuildPhase section */
		FC04B19024ED220B00007216 /* Resources */ = {
			isa = PBXResourcesBuildPhase;
			buildActionMask = 2147483647;
			files = (
				FC04B1A224ED220F00007216 /* LaunchScreen.storyboard in Resources */,
				FC04B19F24ED220F00007216 /* Assets.xcassets in Resources */,
				FC04B19D24ED220B00007216 /* Main.storyboard in Resources */,
			);
			runOnlyForDeploymentPostprocessing = 0;
		};
/* End PBXResourcesBuildPhase section */

/* Begin PBXSourcesBuildPhase section */
		FC04B18E24ED220B00007216 /* Sources */ = {
			isa = PBXSourcesBuildPhase;
			buildActionMask = 2147483647;
			files = (
				FCB8994124FF7C7B00BAC55A /* DatabaseProtocol.swift in Sources */,
				FCA325CA24F111D9002AFF92 /* AllExhibitionsTableViewController.swift in Sources */,
				FC1A753725136F6C00D647AD /* ExistingPlantsViewController.swift in Sources */,
				FCB8994524FF7EB600BAC55A /* CoreDataController.swift in Sources */,
				FC04B19624ED220B00007216 /* AppDelegate.swift in Sources */,
				FC3FE2262503B18F00E5AA91 /* Plant+CoreDataProperties.swift in Sources */,
				FC1A753B251371F200D647AD /* SearchPlantsViewController.swift in Sources */,
				FC831BC824F08AA700221C2D /* PlantTableViewCell.swift in Sources */,
				FC6686CC24FF635600EF71C9 /* Royal-Botanic-Exhibitor.xcdatamodeld in Sources */,
				FC67749A2505150500B4741F /* MapViewController.swift in Sources */,
				FC1A754025137A3600D647AD /* PlantData.swift in Sources */,
				FC3FE2242503B18F00E5AA91 /* Exhibition+CoreDataProperties.swift in Sources */,
				FC3FE2252503B18F00E5AA91 /* Plant+CoreDataClass.swift in Sources */,
				FC68CF2D2514B47100D0E30E /* VolumeData.swift in Sources */,
				FC3FE2232503B18F00E5AA91 /* Exhibition+CoreDataClass.swift in Sources */,
				FC831BC124F0817500221C2D /* ExhibitionDetailsViewController.swift in Sources */,
				FC831BCA24F09F3900221C2D /* PlantDetailsViewController.swift in Sources */,
				FCB8994324FF7E6800BAC55A /* MulticastDelegate.swift in Sources */,
				FCEC4E972504C84800EC050A /* CreateExhibitionViewController.swift in Sources */,
				FC3FE21E2503996C00E5AA91 /* EditPlantDelegate.swift in Sources */,
				FCB2C9DA25030773008D55FC /* EditPlantViewController.swift in Sources */,
				FCA325C824F0FFF3002AFF92 /* AllExhibitionsTableViewCell.swift in Sources */,
				FC04B19824ED220B00007216 /* SceneDelegate.swift in Sources */,
				FC67749C2505152200B4741F /* LocationAnnotation.swift in Sources */,
				FC68CF342514E88400D0E30E /* CustomImageView.swift in Sources */,
			);
			runOnlyForDeploymentPostprocessing = 0;
		};
/* End PBXSourcesBuildPhase section */

/* Begin PBXVariantGroup section */
		FC04B19B24ED220B00007216 /* Main.storyboard */ = {
			isa = PBXVariantGroup;
			children = (
				FC04B19C24ED220B00007216 /* Base */,
			);
			name = Main.storyboard;
			sourceTree = "<group>";
		};
		FC04B1A024ED220F00007216 /* LaunchScreen.storyboard */ = {
			isa = PBXVariantGroup;
			children = (
				FC04B1A124ED220F00007216 /* Base */,
			);
			name = LaunchScreen.storyboard;
			sourceTree = "<group>";
		};
/* End PBXVariantGroup section */

/* Begin XCBuildConfiguration section */
		FC04B1A424ED220F00007216 /* Debug */ = {
			isa = XCBuildConfiguration;
			buildSettings = {
				ALWAYS_SEARCH_USER_PATHS = NO;
				CLANG_ANALYZER_NONNULL = YES;
				CLANG_ANALYZER_NUMBER_OBJECT_CONVERSION = YES_AGGRESSIVE;
				CLANG_CXX_LANGUAGE_STANDARD = "gnu++14";
				CLANG_CXX_LIBRARY = "libc++";
				CLANG_ENABLE_MODULES = YES;
				CLANG_ENABLE_OBJC_ARC = YES;
				CLANG_ENABLE_OBJC_WEAK = YES;
				CLANG_WARN_BLOCK_CAPTURE_AUTORELEASING = YES;
				CLANG_WARN_BOOL_CONVERSION = YES;
				CLANG_WARN_COMMA = YES;
				CLANG_WARN_CONSTANT_CONVERSION = YES;
				CLANG_WARN_DEPRECATED_OBJC_IMPLEMENTATIONS = YES;
				CLANG_WARN_DIRECT_OBJC_ISA_USAGE = YES_ERROR;
				CLANG_WARN_DOCUMENTATION_COMMENTS = YES;
				CLANG_WARN_EMPTY_BODY = YES;
				CLANG_WARN_ENUM_CONVERSION = YES;
				CLANG_WARN_INFINITE_RECURSION = YES;
				CLANG_WARN_INT_CONVERSION = YES;
				CLANG_WARN_NON_LITERAL_NULL_CONVERSION = YES;
				CLANG_WARN_OBJC_IMPLICIT_RETAIN_SELF = YES;
				CLANG_WARN_OBJC_LITERAL_CONVERSION = YES;
				CLANG_WARN_OBJC_ROOT_CLASS = YES_ERROR;
				CLANG_WARN_RANGE_LOOP_ANALYSIS = YES;
				CLANG_WARN_STRICT_PROTOTYPES = YES;
				CLANG_WARN_SUSPICIOUS_MOVE = YES;
				CLANG_WARN_UNGUARDED_AVAILABILITY = YES_AGGRESSIVE;
				CLANG_WARN_UNREACHABLE_CODE = YES;
				CLANG_WARN__DUPLICATE_METHOD_MATCH = YES;
				COPY_PHASE_STRIP = NO;
				DEBUG_INFORMATION_FORMAT = dwarf;
				ENABLE_STRICT_OBJC_MSGSEND = YES;
				ENABLE_TESTABILITY = YES;
				GCC_C_LANGUAGE_STANDARD = gnu11;
				GCC_DYNAMIC_NO_PIC = NO;
				GCC_NO_COMMON_BLOCKS = YES;
				GCC_OPTIMIZATION_LEVEL = 0;
				GCC_PREPROCESSOR_DEFINITIONS = (
					"DEBUG=1",
					"$(inherited)",
				);
				GCC_WARN_64_TO_32_BIT_CONVERSION = YES;
				GCC_WARN_ABOUT_RETURN_TYPE = YES_ERROR;
				GCC_WARN_UNDECLARED_SELECTOR = YES;
				GCC_WARN_UNINITIALIZED_AUTOS = YES_AGGRESSIVE;
				GCC_WARN_UNUSED_FUNCTION = YES;
				GCC_WARN_UNUSED_VARIABLE = YES;
				IPHONEOS_DEPLOYMENT_TARGET = 13.6;
				MTL_ENABLE_DEBUG_INFO = INCLUDE_SOURCE;
				MTL_FAST_MATH = YES;
				ONLY_ACTIVE_ARCH = YES;
				SDKROOT = iphoneos;
				SWIFT_ACTIVE_COMPILATION_CONDITIONS = DEBUG;
				SWIFT_OPTIMIZATION_LEVEL = "-Onone";
			};
			name = Debug;
		};
		FC04B1A524ED220F00007216 /* Release */ = {
			isa = XCBuildConfiguration;
			buildSettings = {
				ALWAYS_SEARCH_USER_PATHS = NO;
				CLANG_ANALYZER_NONNULL = YES;
				CLANG_ANALYZER_NUMBER_OBJECT_CONVERSION = YES_AGGRESSIVE;
				CLANG_CXX_LANGUAGE_STANDARD = "gnu++14";
				CLANG_CXX_LIBRARY = "libc++";
				CLANG_ENABLE_MODULES = YES;
				CLANG_ENABLE_OBJC_ARC = YES;
				CLANG_ENABLE_OBJC_WEAK = YES;
				CLANG_WARN_BLOCK_CAPTURE_AUTORELEASING = YES;
				CLANG_WARN_BOOL_CONVERSION = YES;
				CLANG_WARN_COMMA = YES;
				CLANG_WARN_CONSTANT_CONVERSION = YES;
				CLANG_WARN_DEPRECATED_OBJC_IMPLEMENTATIONS = YES;
				CLANG_WARN_DIRECT_OBJC_ISA_USAGE = YES_ERROR;
				CLANG_WARN_DOCUMENTATION_COMMENTS = YES;
				CLANG_WARN_EMPTY_BODY = YES;
				CLANG_WARN_ENUM_CONVERSION = YES;
				CLANG_WARN_INFINITE_RECURSION = YES;
				CLANG_WARN_INT_CONVERSION = YES;
				CLANG_WARN_NON_LITERAL_NULL_CONVERSION = YES;
				CLANG_WARN_OBJC_IMPLICIT_RETAIN_SELF = YES;
				CLANG_WARN_OBJC_LITERAL_CONVERSION = YES;
				CLANG_WARN_OBJC_ROOT_CLASS = YES_ERROR;
				CLANG_WARN_RANGE_LOOP_ANALYSIS = YES;
				CLANG_WARN_STRICT_PROTOTYPES = YES;
				CLANG_WARN_SUSPICIOUS_MOVE = YES;
				CLANG_WARN_UNGUARDED_AVAILABILITY = YES_AGGRESSIVE;
				CLANG_WARN_UNREACHABLE_CODE = YES;
				CLANG_WARN__DUPLICATE_METHOD_MATCH = YES;
				COPY_PHASE_STRIP = NO;
				DEBUG_INFORMATION_FORMAT = "dwarf-with-dsym";
				ENABLE_NS_ASSERTIONS = NO;
				ENABLE_STRICT_OBJC_MSGSEND = YES;
				GCC_C_LANGUAGE_STANDARD = gnu11;
				GCC_NO_COMMON_BLOCKS = YES;
				GCC_WARN_64_TO_32_BIT_CONVERSION = YES;
				GCC_WARN_ABOUT_RETURN_TYPE = YES_ERROR;
				GCC_WARN_UNDECLARED_SELECTOR = YES;
				GCC_WARN_UNINITIALIZED_AUTOS = YES_AGGRESSIVE;
				GCC_WARN_UNUSED_FUNCTION = YES;
				GCC_WARN_UNUSED_VARIABLE = YES;
				IPHONEOS_DEPLOYMENT_TARGET = 13.6;
				MTL_ENABLE_DEBUG_INFO = NO;
				MTL_FAST_MATH = YES;
				SDKROOT = iphoneos;
				SWIFT_COMPILATION_MODE = wholemodule;
				SWIFT_OPTIMIZATION_LEVEL = "-O";
				VALIDATE_PRODUCT = YES;
			};
			name = Release;
		};
		FC04B1A724ED220F00007216 /* Debug */ = {
			isa = XCBuildConfiguration;
			buildSettings = {
				ASSETCATALOG_COMPILER_APPICON_NAME = AppIcon;
				CODE_SIGN_STYLE = Automatic;
				DEVELOPMENT_TEAM = XD52F5MV99;
				INFOPLIST_FILE = "Royal-Botanic-Gardens-Exhibitors-Aid/Info.plist";
				LD_RUNPATH_SEARCH_PATHS = (
					"$(inherited)",
					"@executable_path/Frameworks",
				);
				PRODUCT_BUNDLE_IDENTIFIER = "edu.monash.Royal-Botanic-Gardens-Exhibitors-Aid";
				PRODUCT_NAME = "$(TARGET_NAME)";
				SWIFT_VERSION = 5.0;
				TARGETED_DEVICE_FAMILY = "1,2";
			};
			name = Debug;
		};
		FC04B1A824ED220F00007216 /* Release */ = {
			isa = XCBuildConfiguration;
			buildSettings = {
				ASSETCATALOG_COMPILER_APPICON_NAME = AppIcon;
				CODE_SIGN_STYLE = Automatic;
				DEVELOPMENT_TEAM = XD52F5MV99;
				INFOPLIST_FILE = "Royal-Botanic-Gardens-Exhibitors-Aid/Info.plist";
				LD_RUNPATH_SEARCH_PATHS = (
					"$(inherited)",
					"@executable_path/Frameworks",
				);
				PRODUCT_BUNDLE_IDENTIFIER = "edu.monash.Royal-Botanic-Gardens-Exhibitors-Aid";
				PRODUCT_NAME = "$(TARGET_NAME)";
				SWIFT_VERSION = 5.0;
				TARGETED_DEVICE_FAMILY = "1,2";
			};
			name = Release;
		};
/* End XCBuildConfiguration section */

/* Begin XCConfigurationList section */
		FC04B18D24ED220B00007216 /* Build configuration list for PBXProject "Royal-Botanic-Gardens-Exhibitors-Aid" */ = {
			isa = XCConfigurationList;
			buildConfigurations = (
				FC04B1A424ED220F00007216 /* Debug */,
				FC04B1A524ED220F00007216 /* Release */,
			);
			defaultConfigurationIsVisible = 0;
			defaultConfigurationName = Release;
		};
		FC04B1A624ED220F00007216 /* Build configuration list for PBXNativeTarget "Royal-Botanic-Gardens-Exhibitors-Aid" */ = {
			isa = XCConfigurationList;
			buildConfigurations = (
				FC04B1A724ED220F00007216 /* Debug */,
				FC04B1A824ED220F00007216 /* Release */,
			);
			defaultConfigurationIsVisible = 0;
			defaultConfigurationName = Release;
		};
/* End XCConfigurationList section */

/* Begin XCVersionGroup section */
		FC6686CA24FF635600EF71C9 /* Royal-Botanic-Exhibitor.xcdatamodeld */ = {
			isa = XCVersionGroup;
			children = (
				FC6686CB24FF635600EF71C9 /* Royal-Botanic-Exhibitor.xcdatamodel */,
			);
			currentVersion = FC6686CB24FF635600EF71C9 /* Royal-Botanic-Exhibitor.xcdatamodel */;
			path = "Royal-Botanic-Exhibitor.xcdatamodeld";
			sourceTree = "<group>";
			versionGroupType = wrapper.xcdatamodel;
		};
/* End XCVersionGroup section */
	};
	rootObject = FC04B18A24ED220B00007216 /* Project object */;
}
